
Microsoft Visual Studio Solution File, Format Version 12.00
# Visual Studio Version 17
VisualStudioVersion = 17.4.33213.308
MinimumVisualStudioVersion = 10.0.40219.1
Project("{FAE04EC0-301F-11D3-BF4B-00C04F79EFBC}") = "Client Slave", "Client\Client Slave.csproj", "{0531AD5D-13C2-43A0-886D-5D23A1EB815A}"
EndProject
Project("{FAE04EC0-301F-11D3-BF4B-00C04F79EFBC}") = "Client Master", "Server\Client Master.csproj", "{B6CC087B-87D5-402C-A356-5D3D8ADCD384}"
EndProject
Global
	GlobalSection(SolutionConfigurationPlatforms) = preSolution
		Debug|Any CPU = Debug|Any CPU
		Release|Any CPU = Release|Any CPU
	EndGlobalSection
	GlobalSection(ProjectConfigurationPlatforms) = postSolution
		{0531AD5D-13C2-43A0-886D-5D23A1EB815A}.Debug|Any CPU.ActiveCfg = Debug|Any CPU
		{0531AD5D-13C2-43A0-886D-5D23A1EB815A}.Debug|Any CPU.Build.0 = Debug|Any CPU
		{0531AD5D-13C2-43A0-886D-5D23A1EB815A}.Release|Any CPU.ActiveCfg = Release|Any CPU
		{0531AD5D-13C2-43A0-886D-5D23A1EB815A}.Release|Any CPU.Build.0 = Release|Any CPU
		{B6CC087B-87D5-402C-A356-5D3D8ADCD384}.Debug|Any CPU.ActiveCfg = Debug|Any CPU
		{B6CC087B-87D5-402C-A356-5D3D8ADCD384}.Debug|Any CPU.Build.0 = Debug|Any CPU
		{B6CC087B-87D5-402C-A356-5D3D8ADCD384}.Release|Any CPU.ActiveCfg = Release|Any CPU
		{B6CC087B-87D5-402C-A356-5D3D8ADCD384}.Release|Any CPU.Build.0 = Release|Any CPU
	EndGlobalSection
	GlobalSection(SolutionProperties) = preSolution
		HideSolutionNode = FALSE
	EndGlobalSection
	GlobalSection(ExtensibilityGlobals) = postSolution
		SolutionGuid = {758BB825-BE8C-41C7-94AB-BBB504A086B8}
	EndGlobalSection
EndGlobal
